// !$*UTF8*$!
{
	archiveVersion = 1;
	classes = {
	};
	objectVersion = 46;
	objects = {

/* Begin PBXBuildFile section */
		3AB38EA91EF003E600588ADD /* AppDelegate.swift in Sources */ = {isa = PBXBuildFile; fileRef = 3AB38EA81EF003E600588ADD /* AppDelegate.swift */; };
		3AB38EAB1EF003E600588ADD /* ViewController.swift in Sources */ = {isa = PBXBuildFile; fileRef = 3AB38EAA1EF003E600588ADD /* ViewController.swift */; };
		3AB38EAE1EF003E600588ADD /* Main.storyboard in Resources */ = {isa = PBXBuildFile; fileRef = 3AB38EAC1EF003E600588ADD /* Main.storyboard */; };
		3AB38EB01EF003E600588ADD /* Assets.xcassets in Resources */ = {isa = PBXBuildFile; fileRef = 3AB38EAF1EF003E600588ADD /* Assets.xcassets */; };
		3AB38EB31EF003E600588ADD /* LaunchScreen.storyboard in Resources */ = {isa = PBXBuildFile; fileRef = 3AB38EB11EF003E600588ADD /* LaunchScreen.storyboard */; };
/* End PBXBuildFile section */

/* Begin PBXFileReference section */
		3AB38EA51EF003E600588ADD /* TeamvoyEntryApp.app */ = {isa = PBXFileReference; explicitFileType = wrapper.application; includeInIndex = 0; path = TeamvoyEntryApp.app; sourceTree = BUILT_PRODUCTS_DIR; };
		3AB38EA81EF003E600588ADD /* AppDelegate.swift */ = {isa = PBXFileReference; lastKnownFileType = sourcecode.swift; path = AppDelegate.swift; sourceTree = "<group>"; };
		3AB38EAA1EF003E600588ADD /* ViewController.swift */ = {isa = PBXFileReference; lastKnownFileType = sourcecode.swift; path = ViewController.swift; sourceTree = "<group>"; };
		3AB38EAD1EF003E600588ADD /* Base */ = {isa = PBXFileReference; lastKnownFileType = file.storyboard; name = Base; path = Base.lproj/Main.storyboard; sourceTree = "<group>"; };
		3AB38EAF1EF003E600588ADD /* Assets.xcassets */ = {isa = PBXFileReference; lastKnownFileType = folder.assetcatalog; path = Assets.xcassets; sourceTree = "<group>"; };
		3AB38EB21EF003E600588ADD /* Base */ = {isa = PBXFileReference; lastKnownFileType = file.storyboard; name = Base; path = Base.lproj/LaunchScreen.storyboard; sourceTree = "<group>"; };
		3AB38EB41EF003E600588ADD /* Info.plist */ = {isa = PBXFileReference; lastKnownFileType = text.plist.xml; path = Info.plist; sourceTree = "<group>"; };
/* End PBXFileReference section */

/* Begin PBXFrameworksBuildPhase section */
		3AB38EA21EF003E600588ADD /* Frameworks */ = {
			isa = PBXFrameworksBuildPhase;
			buildActionMask = 2147483647;
			files = (
			);
			runOnlyForDeploymentPostprocessing = 0;
		};
/* End PBXFrameworksBuildPhase section */

/* Begin PBXGroup section */
		3AB38E9C1EF003E600588ADD = {
			isa = PBXGroup;
			children = (
				3AB38EA71EF003E600588ADD /* TeamvoyEntryApp */,
				3AB38EA61EF003E600588ADD /* Products */,
			);
			sourceTree = "<group>";
		};
		3AB38EA61EF003E600588ADD /* Products */ = {
			isa = PBXGroup;
			children = (
				3AB38EA51EF003E600588ADD /* TeamvoyEntryApp.app */,
			);
			name = Products;
			sourceTree = "<group>";
		};
		3AB38EA71EF003E600588ADD /* TeamvoyEntryApp */ = {
			isa = PBXGroup;
			children = (
				3AB38EA81EF003E600588ADD /* AppDelegate.swift */,
				3AB38EAA1EF003E600588ADD /* ViewController.swift */,
				3AB38EAC1EF003E600588ADD /* Main.storyboard */,
				3AB38EAF1EF003E600588ADD /* Assets.xcassets */,
				3AB38EB11EF003E600588ADD /* LaunchScreen.storyboard */,
				3AB38EB41EF003E600588ADD /* Info.plist */,
			);
			path = TeamvoyEntryApp;
			sourceTree = "<group>";
		};
/* End PBXGroup section */

/* Begin PBXNativeTarget section */
		3AB38EA41EF003E600588ADD /* TeamvoyEntryApp */ = {
			isa = PBXNativeTarget;
			buildConfigurationList = 3AB38EB71EF003E600588ADD /* Build configuration list for PBXNativeTarget "TeamvoyEntryApp" */;
			buildPhases = (
				3AB38EA11EF003E600588ADD /* Sources */,
				3AB38EA21EF003E600588ADD /* Frameworks */,
				3AB38EA31EF003E600588ADD /* Resources */,
			);
			buildRules = (
			);
			dependencies = (
			);
			name = TeamvoyEntryApp;
			productName = TeamvoyEntryApp;
			productReference = 3AB38EA51EF003E600588ADD /* TeamvoyEntryApp.app */;
			productType = "com.apple.product-type.application";
		};
/* End PBXNativeTarget section */

/* Begin PBXProject section */
		3AB38E9D1EF003E600588ADD /* Project object */ = {
			isa = PBXProject;
			attributes = {
				LastSwiftUpdateCheck = 0820;
				LastUpgradeCheck = 0820;
				ORGANIZATIONNAME = "Ostap Romaniv";
				TargetAttributes = {
					3AB38EA41EF003E600588ADD = {
						CreatedOnToolsVersion = 8.2.1;
						ProvisioningStyle = Automatic;
					};
				};
			};
			buildConfigurationList = 3AB38EA01EF003E600588ADD /* Build configuration list for PBXProject "TeamvoyEntryApp" */;
			compatibilityVersion = "Xcode 3.2";
			developmentRegion = English;
			hasScannedForEncodings = 0;
			knownRegions = (
				en,
				Base,
			);
			mainGroup = 3AB38E9C1EF003E600588ADD;
			productRefGroup = 3AB38EA61EF003E600588ADD /* Products */;
			projectDirPath = "";
			projectRoot = "";
			targets = (
				3AB38EA41EF003E600588ADD /* TeamvoyEntryApp */,
			);
		};
/* End PBXProject section */

/* Begin PBXResourcesBuildPhase section */
		3AB38EA31EF003E600588ADD /* Resources */ = {
			isa = PBXResourcesBuildPhase;
			buildActionMask = 2147483647;
			files = (
				3AB38EB31EF003E600588ADD /* LaunchScreen.storyboard in Resources */,
				3AB38EB01EF003E600588ADD /* Assets.xcassets in Resources */,
				3AB38EAE1EF003E600588ADD /* Main.storyboard in Resources */,
			);
			runOnlyForDeploymentPostprocessing = 0;
		};
/* End PBXResourcesBuildPhase section */

/* Begin PBXSourcesBuildPhase section */
		3AB38EA11EF003E600588ADD /* Sources */ = {
			isa = PBXSourcesBuildPhase;
			buildActionMask = 2147483647;
			files = (
				3AB38EAB1EF003E600588ADD /* ViewController.swift in Sources */,
				3AB38EA91EF003E600588ADD /* AppDelegate.swift in Sources */,
			);
			runOnlyForDeploymentPostprocessing = 0;
		};
/* End PBXSourcesBuildPhase section */

/* Begin PBXVariantGroup section */
		3AB38EAC1EF003E600588ADD /* Main.storyboard */ = {
			isa = PBXVariantGroup;
			children = (
				3AB38EAD1EF003E600588ADD /* Base */,
			);
			name = Main.storyboard;
			sourceTree = "<group>";
		};
		3AB38EB11EF003E600588ADD /* LaunchScreen.storyboard */ = {
			isa = PBXVariantGroup;
			children = (
				3AB38EB21EF003E600588ADD /* Base */,
			);
			name = LaunchScreen.storyboard;
			sourceTree = "<group>";
		};
/* End PBXVariantGroup section */

/* Begin XCBuildConfiguration section */
		3AB38EB51EF003E600588ADD /* Debug */ = {
			isa = XCBuildConfiguration;
			buildSettings = {
				ALWAYS_SEARCH_USER_PATHS = NO;
				CLANG_ANALYZER_NONNULL = YES;
				CLANG_CXX_LANGUAGE_STANDARD = "gnu++0x";
				CLANG_CXX_LIBRARY = "libc++";
				CLANG_ENABLE_MODULES = YES;
				CLANG_ENABLE_OBJC_ARC = YES;
				CLANG_WARN_BOOL_CONVERSION = YES;
				CLANG_WARN_CONSTANT_CONVERSION = YES;
				CLANG_WARN_DIRECT_OBJC_ISA_USAGE = YES_ERROR;
				CLANG_WARN_DOCUMENTATION_COMMENTS = YES;
				CLANG_WARN_EMPTY_BODY = YES;
				CLANG_WARN_ENUM_CONVERSION = YES;
				CLANG_WARN_INFINITE_RECURSION = YES;
				CLANG_WARN_INT_CONVERSION = YES;
				CLANG_WARN_OBJC_ROOT_CLASS = YES_ERROR;
				CLANG_WARN_SUSPICIOUS_MOVE = YES;
				CLANG_WARN_UNREACHABLE_CODE = YES;
				CLANG_WARN__DUPLICATE_METHOD_MATCH = YES;
				"CODE_SIGN_IDENTITY[sdk=iphoneos*]" = "iPhone Developer";
				COPY_PHASE_STRIP = NO;
				DEBUG_INFORMATION_FORMAT = dwarf;
				ENABLE_STRICT_OBJC_MSGSEND = YES;
				ENABLE_TESTABILITY = YES;
				GCC_C_LANGUAGE_STANDARD = gnu99;
				GCC_DYNAMIC_NO_PIC = NO;
				GCC_NO_COMMON_BLOCKS = YES;
				GCC_OPTIMIZATION_LEVEL = 0;
				GCC_PREPROCESSOR_DEFINITIONS = (
					"DEBUG=1",
					"$(inherited)",
				);
				GCC_WARN_64_TO_32_BIT_CONVERSION = YES;
				GCC_WARN_ABOUT_RETURN_TYPE = YES_ERROR;
				GCC_WARN_UNDECLARED_SELECTOR = YES;
				GCC_WARN_UNINITIALIZED_AUTOS = YES_AGGRESSIVE;
				GCC_WARN_UNUSED_FUNCTION = YES;
				GCC_WARN_UNUSED_VARIABLE = YES;
				IPHONEOS_DEPLOYMENT_TARGET = 10.2;
				MTL_ENABLE_DEBUG_INFO = YES;
				ONLY_ACTIVE_ARCH = YES;
				SDKROOT = iphoneos;
				SWIFT_ACTIVE_COMPILATION_CONDITIONS = DEBUG;
				SWIFT_OPTIMIZATION_LEVEL = "-Onone";
				TARGETED_DEVICE_FAMILY = "1,2";
			};
			name = Debug;
		};
		3AB38EB61EF003E600588ADD /* Release */ = {
			isa = XCBuildConfiguration;
			buildSettings = {
				ALWAYS_SEARCH_USER_PATHS = NO;
				CLANG_ANALYZER_NONNULL = YES;
				CLANG_CXX_LANGUAGE_STANDARD = "gnu++0x";
				CLANG_CXX_LIBRARY = "libc++";
				CLANG_ENABLE_MODULES = YES;
				CLANG_ENABLE_OBJC_ARC = YES;
				CLANG_WARN_BOOL_CONVERSION = YES;
				CLANG_WARN_CONSTANT_CONVERSION = YES;
				CLANG_WARN_DIRECT_OBJC_ISA_USAGE = YES_ERROR;
				CLANG_WARN_DOCUMENTATION_COMMENTS = YES;
				CLANG_WARN_EMPTY_BODY = YES;
				CLANG_WARN_ENUM_CONVERSION = YES;
				CLANG_WARN_INFINITE_RECURSION = YES;
				CLANG_WARN_INT_CONVERSION = YES;
				CLANG_WARN_OBJC_ROOT_CLASS = YES_ERROR;
				CLANG_WARN_SUSPICIOUS_MOVE = YES;
				CLANG_WARN_UNREACHABLE_CODE = YES;
				CLANG_WARN__DUPLICATE_METHOD_MATCH = YES;
				"CODE_SIGN_IDENTITY[sdk=iphoneos*]" = "iPhone Developer";
				COPY_PHASE_STRIP = NO;
				DEBUG_INFORMATION_FORMAT = "dwarf-with-dsym";
				ENABLE_NS_ASSERTIONS = NO;
				ENABLE_STRICT_OBJC_MSGSEND = YES;
				GCC_C_LANGUAGE_STANDARD = gnu99;
				GCC_NO_COMMON_BLOCKS = YES;
				GCC_WARN_64_TO_32_BIT_CONVERSION = YES;
				GCC_WARN_ABOUT_RETURN_TYPE = YES_ERROR;
				GCC_WARN_UNDECLARED_SELECTOR = YES;
				GCC_WARN_UNINITIALIZED_AUTOS = YES_AGGRESSIVE;
				GCC_WARN_UNUSED_FUNCTION = YES;
				GCC_WARN_UNUSED_VARIABLE = YES;
				IPHONEOS_DEPLOYMENT_TARGET = 10.2;
				MTL_ENABLE_DEBUG_INFO = NO;
				SDKROOT = iphoneos;
				SWIFT_OPTIMIZATION_LEVEL = "-Owholemodule";
				TARGETED_DEVICE_FAMILY = "1,2";
				VALIDATE_PRODUCT = YES;
			};
			name = Release;
		};
		3AB38EB81EF003E600588ADD /* Debug */ = {
			isa = XCBuildConfiguration;
			buildSettings = {
				ASSETCATALOG_COMPILER_APPICON_NAME = AppIcon;
				INFOPLIST_FILE = TeamvoyEntryApp/Info.plist;
				LD_RUNPATH_SEARCH_PATHS = "$(inherited) @executable_path/Frameworks";
				PRODUCT_BUNDLE_IDENTIFIER = test.TeamvoyEntryApp;
				PRODUCT_NAME = "$(TARGET_NAME)";
				SWIFT_VERSION = 3.0;
			};
			name = Debug;
		};
		3AB38EB91EF003E600588ADD /* Release */ = {
			isa = XCBuildConfiguration;
			buildSettings = {
				ASSETCATALOG_COMPILER_APPICON_NAME = AppIcon;
				INFOPLIST_FILE = TeamvoyEntryApp/Info.plist;
				LD_RUNPATH_SEARCH_PATHS = "$(inherited) @executable_path/Frameworks";
				PRODUCT_BUNDLE_IDENTIFIER = test.TeamvoyEntryApp;
				PRODUCT_NAME = "$(TARGET_NAME)";
				SWIFT_VERSION = 3.0;
			};
			name = Release;
		};
/* End XCBuildConfiguration section */

/* Begin XCConfigurationList section */
		3AB38EA01EF003E600588ADD /* Build configuration list for PBXProject "TeamvoyEntryApp" */ = {
			isa = XCConfigurationList;
			buildConfigurations = (
				3AB38EB51EF003E600588ADD /* Debug */,
				3AB38EB61EF003E600588ADD /* Release */,
			);
			defaultConfigurationIsVisible = 0;
			defaultConfigurationName = Release;
		};
		3AB38EB71EF003E600588ADD /* Build configuration list for PBXNativeTarget "TeamvoyEntryApp" */ = {
			isa = XCConfigurationList;
			buildConfigurations = (
				3AB38EB81EF003E600588ADD /* Debug */,
				3AB38EB91EF003E600588ADD /* Release */,
			);
			defaultConfigurationIsVisible = 0;
		};
/* End XCConfigurationList section */
	};
	rootObject = 3AB38E9D1EF003E600588ADD /* Project object */;
}
